
Microsoft Visual Studio Solution File, Format Version 12.00
# Visual Studio Version 17
VisualStudioVersion = 17.4.33110.190
MinimumVisualStudioVersion = 10.0.40219.1
Project("{8BC9CEB8-8B4A-11D0-8D11-00A0C91BC942}") = "Eagle_for_Siv3D", "Eagle_for_Siv3D\Eagle_for_Siv3D.vcxproj", "{88A99611-A70B-4ABA-9043-25E4D1F579F9}"
EndProject
Global
	GlobalSection(SolutionConfigurationPlatforms) = preSolution
		Debug|x64 = Debug|x64
		Debug|x86 = Debug|x86
		Release|x64 = Release|x64
		Release|x86 = Release|x86
	EndGlobalSection
	GlobalSection(ProjectConfigurationPlatforms) = postSolution
		{88A99611-A70B-4ABA-9043-25E4D1F579F9}.Debug|x64.ActiveCfg = Debug|x64
		{88A99611-A70B-4ABA-9043-25E4D1F579F9}.Debug|x64.Build.0 = Debug|x64
		{88A99611-A70B-4ABA-9043-25E4D1F579F9}.Debug|x86.ActiveCfg = Debug|x64
		{88A99611-A70B-4ABA-9043-25E4D1F579F9}.Debug|x86.Build.0 = Debug|x64
		{88A99611-A70B-4ABA-9043-25E4D1F579F9}.Release|x64.ActiveCfg = Release|x64
		{88A99611-A70B-4ABA-9043-25E4D1F579F9}.Release|x64.Build.0 = Release|x64
		{88A99611-A70B-4ABA-9043-25E4D1F579F9}.Release|x86.ActiveCfg = Release|x64
		{88A99611-A70B-4ABA-9043-25E4D1F579F9}.Release|x86.Build.0 = Release|x64
	EndGlobalSection
	GlobalSection(SolutionProperties) = preSolution
		HideSolutionNode = FALSE
	EndGlobalSection
	GlobalSection(ExtensibilityGlobals) = postSolution
		SolutionGuid = {CCD56B78-8638-4F10-A065-E82AB908C952}
	EndGlobalSection
EndGlobal
